
Microsoft Visual Studio Solution File, Format Version 12.00
# Visual Studio Version 16
VisualStudioVersion = 16.0.810.3
MinimumVisualStudioVersion = 10.0.40219.1
Project("{FAE04EC0-301F-11D3-BF4B-00C04F79EFBC}") = "LudoClient", "LudoClient\LudoClient.csproj", "{F8A93788-BEBB-4A9B-9997-0C21DF8111D0}"
EndProject
Global
	GlobalSection(SolutionConfigurationPlatforms) = preSolution
		Debug|Any CPU = Debug|Any CPU
		Release|Any CPU = Release|Any CPU
	EndGlobalSection
	GlobalSection(ProjectConfigurationPlatforms) = postSolution
		{F8A93788-BEBB-4A9B-9997-0C21DF8111D0}.Debug|Any CPU.ActiveCfg = Debug|Any CPU
		{F8A93788-BEBB-4A9B-9997-0C21DF8111D0}.Debug|Any CPU.Build.0 = Debug|Any CPU
		{F8A93788-BEBB-4A9B-9997-0C21DF8111D0}.Release|Any CPU.ActiveCfg = Release|Any CPU
		{F8A93788-BEBB-4A9B-9997-0C21DF8111D0}.Release|Any CPU.Build.0 = Release|Any CPU
	EndGlobalSection
	GlobalSection(SolutionProperties) = preSolution
		HideSolutionNode = FALSE
	EndGlobalSection
	GlobalSection(ExtensibilityGlobals) = postSolution
		SolutionGuid = {B8CB4CCD-3524-42BE-A047-BDA8BDF1C07C}
	EndGlobalSection
EndGlobal
